
Microsoft Visual Studio Solution File, Format Version 12.00
# Visual Studio Version 17
VisualStudioVersion = 17.7.34024.191
MinimumVisualStudioVersion = 10.0.40219.1
Project("{9A19103F-16F7-4668-BE54-9A1E7A4F7556}") = "ratatouillecs", "ratatouillecs\ratatouillecs.csproj", "{78CDA51F-28F9-4596-911B-6B55FFF49B6A}"
EndProject
Project("{9A19103F-16F7-4668-BE54-9A1E7A4F7556}") = "RatLib", "RatLib\RatLib.csproj", "{6427A080-143D-45B3-86E9-047D28A7401B}"
EndProject
Global
	GlobalSection(SolutionConfigurationPlatforms) = preSolution
		Debug|Any CPU = Debug|Any CPU
		Release|Any CPU = Release|Any CPU
	EndGlobalSection
	GlobalSection(ProjectConfigurationPlatforms) = postSolution
		{78CDA51F-28F9-4596-911B-6B55FFF49B6A}.Debug|Any CPU.ActiveCfg = Debug|Any CPU
		{78CDA51F-28F9-4596-911B-6B55FFF49B6A}.Debug|Any CPU.Build.0 = Debug|Any CPU
		{78CDA51F-28F9-4596-911B-6B55FFF49B6A}.Release|Any CPU.ActiveCfg = Release|Any CPU
		{78CDA51F-28F9-4596-911B-6B55FFF49B6A}.Release|Any CPU.Build.0 = Release|Any CPU
		{6427A080-143D-45B3-86E9-047D28A7401B}.Debug|Any CPU.ActiveCfg = Debug|Any CPU
		{6427A080-143D-45B3-86E9-047D28A7401B}.Debug|Any CPU.Build.0 = Debug|Any CPU
		{6427A080-143D-45B3-86E9-047D28A7401B}.Release|Any CPU.ActiveCfg = Release|Any CPU
		{6427A080-143D-45B3-86E9-047D28A7401B}.Release|Any CPU.Build.0 = Release|Any CPU
	EndGlobalSection
	GlobalSection(SolutionProperties) = preSolution
		HideSolutionNode = FALSE
	EndGlobalSection
	GlobalSection(ExtensibilityGlobals) = postSolution
		SolutionGuid = {8E2CCD03-A988-40B0-B62D-212FEE651785}
	EndGlobalSection
EndGlobal
